{
  "name": "haboll-vue-directives",
  "version": "2.0.1",
  "lockfileVersion": 1,
  "requires": true,
  "dependencies": {
    "@ctrl/tinycolor": {
      "version": "3.4.1",
      "resolved": "https://registry.npmjs.org/@ctrl/tinycolor/-/tinycolor-3.4.1.tgz",
      "integrity": "sha512-ej5oVy6lykXsvieQtqZxCOaLT+xD4+QNarq78cIYISHmZXshCvROLudpQN3lfL8G0NL7plMSSK+zlyvCaIJ4Iw=="
    },
    "@element-plus/icons-vue": {
      "version": "1.1.4",
      "resolved": "https://registry.npmjs.org/@element-plus/icons-vue/-/icons-vue-1.1.4.tgz",
      "integrity": "sha512-Iz/nHqdp1sFPmdzRwHkEQQA3lKvoObk8azgABZ81QUOpW9s/lUyQVUSh0tNtEPZXQlKwlSh7SPgoVxzrE0uuVQ=="
    },
    "@floating-ui/core": {
      "version": "0.6.2",
      "resolved": "https://registry.npmjs.org/@floating-ui/core/-/core-0.6.2.tgz",
      "integrity": "sha512-jktYRmZwmau63adUG3GKOAVCofBXkk55S/zQ94XOorAHhwqFIOFAy1rSp2N0Wp6/tGbe9V3u/ExlGZypyY17rg=="
    },
    "@floating-ui/dom": {
      "version": "0.4.5",
      "resolved": "https://registry.npmjs.org/@floating-ui/dom/-/dom-0.4.5.tgz",
      "integrity": "sha512-b+prvQgJt8pieaKYMSJBXHxX/DYwdLsAWxKYqnO5dO2V4oo/TYBZJAUQCVNjTWWsrs6o4VDrNcP9+E70HAhJdw==",
      "requires": {
        "@floating-ui/core": "^0.6.2"
      }
    },
    "@popperjs/core": {
      "version": "npm:@sxzz/popperjs-es@2.11.6",
      "resolved": "https://registry.npmjs.org/@sxzz/popperjs-es/-/popperjs-es-2.11.6.tgz",
      "integrity": "sha512-V8W+eJiInGq8roHR8xYR+lxojL022LyUI9E4FRav4+1Ih+875ONcLNK3XIs809fyxk1lNzrZO5OAy6xpvEafNw=="
    },
    "@types/lodash": {
      "version": "4.14.182",
      "resolved": "https://registry.npmjs.org/@types/lodash/-/lodash-4.14.182.tgz",
      "integrity": "sha512-/THyiqyQAP9AfARo4pF+aCGcyiQ94tX/Is2I7HofNRqoYLgN1PBoOWu2/zTA5zMxzP5EFutMtWtGAFRKUe961Q=="
    },
    "@types/lodash-es": {
      "version": "4.17.6",
      "resolved": "https://registry.npmjs.org/@types/lodash-es/-/lodash-es-4.17.6.tgz",
      "integrity": "sha512-R+zTeVUKDdfoRxpAryaQNRKk3105Rrgx2CFRClIgRGaqDTdjsm8h6IYA8ir584W3ePzkZfst5xIgDwYrlh9HLg==",
      "requires": {
        "@types/lodash": "*"
      }
    },
    "@vueuse/core": {
      "version": "8.3.1",
      "resolved": "https://registry.npmjs.org/@vueuse/core/-/core-8.3.1.tgz",
      "integrity": "sha512-WiXUgVyPG9elGx3G8UV8g+zqbEJ2hYacrPICogAxDdW6hnxxcUFdF7FtvDroJ/DxWmo2pg8XNNz07ybfnZyJbw==",
      "requires": {
        "@vueuse/metadata": "8.3.1",
        "@vueuse/shared": "8.3.1",
        "vue-demi": "*"
      }
    },
    "@vueuse/metadata": {
      "version": "8.3.1",
      "resolved": "https://registry.npmjs.org/@vueuse/metadata/-/metadata-8.3.1.tgz",
      "integrity": "sha512-1aZaFL44HzXXkfN6Q7KMDOXBFKTHDClHlOJBxtN8rTBXIIScoGOrJCpxWiQ4kuVg95MzG/pHrd3P4wd8poL9XQ=="
    },
    "@vueuse/shared": {
      "version": "8.3.1",
      "resolved": "https://registry.npmjs.org/@vueuse/shared/-/shared-8.3.1.tgz",
      "integrity": "sha512-7HKLCcxp4dtONq6QSSoavblo9riYgqzw7jhqiC0/VUYMXKzqj1G/GznOzTmY8Wi8uKKT197JqjKQ1DKt2j/0+A==",
      "requires": {
        "vue-demi": "*"
      }
    },
    "async-validator": {
      "version": "4.1.0",
      "resolved": "https://registry.npmjs.org/async-validator/-/async-validator-4.1.0.tgz",
      "integrity": "sha512-FjmiC/asUPkfsi3taDPtpRVhxxCIiS4EWeR6OjOjppKaHsh3l4J13s7uQ++1zfl84mRaOFxjz7UDIxwy9l9zAQ=="
    },
    "dayjs": {
      "version": "1.11.1",
      "resolved": "https://registry.npmjs.org/dayjs/-/dayjs-1.11.1.tgz",
      "integrity": "sha512-ER7EjqVAMkRRsxNCC5YqJ9d9VQYuWdGt7aiH2qA5R5wt8ZmWaP2dLUSIK6y/kVzLMlmh1Tvu5xUf4M/wdGJ5KA=="
    },
    "element-plus": {
      "version": "2.1.11",
      "resolved": "https://registry.npmjs.org/element-plus/-/element-plus-2.1.11.tgz",
      "integrity": "sha512-s4X0I8s787tv+9UdekBC1g7v42Fj4bucPAmu03EjbgrGrV7BJvkoBGuK52lNfu4yC76bl6Uyjesd5Fu8CMakSw==",
      "requires": {
        "@ctrl/tinycolor": "^3.4.1",
        "@element-plus/icons-vue": "^1.1.4",
        "@floating-ui/dom": "^0.4.5",
        "@popperjs/core": "npm:@sxzz/popperjs-es@^2.11.6",
        "@types/lodash": "^4.14.182",
        "@types/lodash-es": "^4.17.6",
        "@vueuse/core": "^8.2.6",
        "async-validator": "^4.0.7",
        "dayjs": "^1.11.1",
        "escape-html": "^1.0.3",
        "lodash": "^4.17.21",
        "lodash-es": "^4.17.21",
        "lodash-unified": "^1.0.2",
        "memoize-one": "^6.0.0",
        "normalize-wheel-es": "^1.1.2"
      }
    },
    "escape-html": {
      "version": "1.0.3",
      "resolved": "https://registry.npmjs.org/escape-html/-/escape-html-1.0.3.tgz",
      "integrity": "sha1-Aljq5NPQwJdN4cFpGI7wBR0dGYg="
    },
    "lodash": {
      "version": "4.17.21",
      "resolved": "https://registry.npmjs.org/lodash/-/lodash-4.17.21.tgz",
      "integrity": "sha512-v2kDEe57lecTulaDIuNTPy3Ry4gLGJ6Z1O3vE1krgXZNrsQ+LFTGHVxVjcXPs17LhbZVGedAJv8XZ1tvj5FvSg=="
    },
    "lodash-es": {
      "version": "4.17.21",
      "resolved": "https://registry.npmjs.org/lodash-es/-/lodash-es-4.17.21.tgz",
      "integrity": "sha512-mKnC+QJ9pWVzv+C4/U3rRsHapFfHvQFoFB92e52xeyGMcX6/OlIl78je1u8vePzYZSkkogMPJ2yjxxsb89cxyw=="
    },
    "lodash-unified": {
      "version": "1.0.2",
      "resolved": "https://registry.npmjs.org/lodash-unified/-/lodash-unified-1.0.2.tgz",
      "integrity": "sha512-OGbEy+1P+UT26CYi4opY4gebD8cWRDxAT6MAObIVQMiqYdxZr1g3QHWCToVsm31x2NkLS4K3+MC2qInaRMa39g=="
    },
    "memoize-one": {
      "version": "6.0.0",
      "resolved": "https://registry.npmjs.org/memoize-one/-/memoize-one-6.0.0.tgz",
      "integrity": "sha512-rkpe71W0N0c0Xz6QD0eJETuWAJGnJ9afsl1srmwPrI+yBCkge5EycXXbYRyvL29zZVUWQCY7InPRCv3GDXuZNw=="
    },
    "normalize-wheel-es": {
      "version": "1.1.2",
      "resolved": "https://registry.npmjs.org/normalize-wheel-es/-/normalize-wheel-es-1.1.2.tgz",
      "integrity": "sha512-scX83plWJXYH1J4+BhAuIHadROzxX0UBF3+HuZNY2Ks8BciE7tSTQ+5JhTsvzjaO0/EJdm4JBGrfObKxFf3Png=="
    },
    "vue-demi": {
      "version": "0.12.5",
      "resolved": "https://registry.npmjs.org/vue-demi/-/vue-demi-0.12.5.tgz",
      "integrity": "sha512-BREuTgTYlUr0zw0EZn3hnhC3I6gPWv+Kwh4MCih6QcAeaTlaIX0DwOVN0wHej7hSvDPecz4jygy/idsgKfW58Q=="
    }
  }
}
